
Microsoft Visual Studio Solution File, Format Version 12.00
# Visual Studio Version 17
VisualStudioVersion = 17.14.37027.9 d17.14
MinimumVisualStudioVersion = 10.0.40219.1
Project("{FAE04EC0-301F-11D3-BF4B-00C04F79EFBC}") = "CLDV7112_PROJECT1_ABCRETAIL_ST10212542", "CLDV7112_PROJECT1_ABCRETAIL_ST10212542\CLDV7112_PROJECT1_ABCRETAIL_ST10212542.csproj", "{CF22C566-99F6-431A-9E47-5924968A4729}"
EndProject
Global
	GlobalSection(SolutionConfigurationPlatforms) = preSolution
		Debug|Any CPU = Debug|Any CPU
		Release|Any CPU = Release|Any CPU
	EndGlobalSection
	GlobalSection(ProjectConfigurationPlatforms) = postSolution
		{CF22C566-99F6-431A-9E47-5924968A4729}.Debug|Any CPU.ActiveCfg = Debug|Any CPU
		{CF22C566-99F6-431A-9E47-5924968A4729}.Debug|Any CPU.Build.0 = Debug|Any CPU
		{CF22C566-99F6-431A-9E47-5924968A4729}.Release|Any CPU.ActiveCfg = Release|Any CPU
		{CF22C566-99F6-431A-9E47-5924968A4729}.Release|Any CPU.Build.0 = Release|Any CPU
	EndGlobalSection
	GlobalSection(SolutionProperties) = preSolution
		HideSolutionNode = FALSE
	EndGlobalSection
	GlobalSection(ExtensibilityGlobals) = postSolution
		SolutionGuid = {15E678E8-4F77-4A16-837F-1811A144B242}
	EndGlobalSection
EndGlobal
